<?xml version="1.0" encoding="utf-8"?>
<Project ToolsVersion="4.0" xmlns="http://schemas.microsoft.com/developer/msbuild/2003">
  <ItemGroup>
    <Filter Include="Source Files">
      <UniqueIdentifier>{4FC737F1-C7A5-4376-A066-2A32D752A2FF}</UniqueIdentifier>
      <Extensions>cpp;c;cc;cxx;def;odl;idl;hpj;bat;asm;asmx</Extensions>
    </Filter>
    <Filter Include="Header Files">
      <UniqueIdentifier>{93995380-89BD-4b04-88EB-625FBE52EBFB}</UniqueIdentifier>
      <Extensions>h;hh;hpp;hxx;hm;inl;inc;xsd</Extensions>
    </Filter>
    <Filter Include="Resource Files">
      <UniqueIdentifier>{67DA6AB6-F800-4c08-8B7A-83BB121AAD01}</UniqueIdentifier>
      <Extensions>rc;ico;cur;bmp;dlg;rc2;rct;bin;rgs;gif;jpg;jpeg;jpe;resx;tiff;tif;png;wav;mfcribbon-ms</Extensions>
    </Filter>
  </ItemGroup>
  <ItemGroup>
    <None Include="Core_SAMD21G18A_4.ino" />
  </ItemGroup>
  <ItemGroup>
    <ClInclude Include="__vm\.Core_SAMD21G18A_4.vsarduino.h">
      <Filter>Header Files</Filter>
    </ClInclude>
    <ClInclude Include="AT24CX.h">
      <Filter>Header Files</Filter>
    </ClInclude>
    <ClInclude Include="Buttons.h">
      <Filter>Header Files</Filter>
    </ClInclude>
    <ClInclude Include="CONFIG.h">
      <Filter>Header Files</Filter>
    </ClInclude>
    <ClInclude Include="ConfigPin.h">
      <Filter>Header Files</Filter>
    </ClInclude>
    <ClInclude Include="CoreButton.h">
      <Filter>Header Files</Filter>
    </ClInclude>
    <ClInclude Include="CoreCommandBuffer.h">
      <Filter>Header Files</Filter>
    </ClInclude>
    <ClInclude Include="Drawing.h">
      <Filter>Header Files</Filter>
    </ClInclude>
    <ClInclude Include="DS3231.h">
      <Filter>Header Files</Filter>
    </ClInclude>
    <ClInclude Include="EthalonComparer.h">
      <Filter>Header Files</Filter>
    </ClInclude>
    <ClInclude Include="FileUtils.h">
      <Filter>Header Files</Filter>
    </ClInclude>
    <ClInclude Include="InfoDiodes.h">
      <Filter>Header Files</Filter>
    </ClInclude>
    <ClInclude Include="InterruptHandler.h">
      <Filter>Header Files</Filter>
    </ClInclude>
    <ClInclude Include="InterruptScreen.h">
      <Filter>Header Files</Filter>
    </ClInclude>
    <ClInclude Include="Logger.h">
      <Filter>Header Files</Filter>
    </ClInclude>
    <ClInclude Include="Screen1.h">
      <Filter>Header Files</Filter>
    </ClInclude>
    <ClInclude Include="Screen2.h">
      <Filter>Header Files</Filter>
    </ClInclude>
    <ClInclude Include="Screen3.h">
      <Filter>Header Files</Filter>
    </ClInclude>
    <ClInclude Include="Screen4.h">
      <Filter>Header Files</Filter>
    </ClInclude>
    <ClInclude Include="Screen5.h">
      <Filter>Header Files</Filter>
    </ClInclude>
    <ClInclude Include="Screen6.h">
      <Filter>Header Files</Filter>
    </ClInclude>
    <ClInclude Include="Settings.h">
      <Filter>Header Files</Filter>
    </ClInclude>
    <ClInclude Include="TFTSettings.h">
      <Filter>Header Files</Filter>
    </ClInclude>
    <ClInclude Include="TinyVector.h">
      <Filter>Header Files</Filter>
    </ClInclude>
    <ClInclude Include="UTFTMenu.h">
      <Filter>Header Files</Filter>
    </ClInclude>
    <ClInclude Include="UTFTRus.h">
      <Filter>Header Files</Filter>
    </ClInclude>
    <ClInclude Include="UTFT_Buttons_Rus.h">
      <Filter>Header Files</Filter>
    </ClInclude>
  </ItemGroup>
  <ItemGroup>
    <ClCompile Include="AT24CX.cpp">
      <Filter>Source Files</Filter>
    </ClCompile>
    <ClCompile Include="Buttons.cpp">
      <Filter>Source Files</Filter>
    </ClCompile>
    <ClCompile Include="ConfigPin.cpp">
      <Filter>Source Files</Filter>
    </ClCompile>
    <ClCompile Include="CoreButton.cpp">
      <Filter>Source Files</Filter>
    </ClCompile>
    <ClCompile Include="CoreCommandBuffer.cpp">
      <Filter>Source Files</Filter>
    </ClCompile>
    <ClCompile Include="Drawing.cpp">
      <Filter>Source Files</Filter>
    </ClCompile>
    <ClCompile Include="DS3231.cpp">
      <Filter>Source Files</Filter>
    </ClCompile>
    <ClCompile Include="EthalonComparer.cpp">
      <Filter>Source Files</Filter>
    </ClCompile>
    <ClCompile Include="FileUtils.cpp">
      <Filter>Source Files</Filter>
    </ClCompile>
    <ClCompile Include="InfoDiodes.cpp">
      <Filter>Source Files</Filter>
    </ClCompile>
    <ClCompile Include="InterruptHandler.cpp">
      <Filter>Source Files</Filter>
    </ClCompile>
    <ClCompile Include="InterruptScreen.cpp">
      <Filter>Source Files</Filter>
    </ClCompile>
    <ClCompile Include="Logger.cpp">
      <Filter>Source Files</Filter>
    </ClCompile>
    <ClCompile Include="RussianFonts.c">
      <Filter>Source Files</Filter>
    </ClCompile>
    <ClCompile Include="Screen1.cpp">
      <Filter>Source Files</Filter>
    </ClCompile>
    <ClCompile Include="Screen2.cpp">
      <Filter>Source Files</Filter>
    </ClCompile>
    <ClCompile Include="Screen3.cpp">
      <Filter>Source Files</Filter>
    </ClCompile>
    <ClCompile Include="Screen4.cpp">
      <Filter>Source Files</Filter>
    </ClCompile>
    <ClCompile Include="Screen5.cpp">
      <Filter>Source Files</Filter>
    </ClCompile>
    <ClCompile Include="Screen6.cpp">
      <Filter>Source Files</Filter>
    </ClCompile>
    <ClCompile Include="Settings.cpp">
      <Filter>Source Files</Filter>
    </ClCompile>
    <ClCompile Include="UTFTMenu.cpp">
      <Filter>Source Files</Filter>
    </ClCompile>
    <ClCompile Include="UTFTRus.cpp">
      <Filter>Source Files</Filter>
    </ClCompile>
    <ClCompile Include="UTFT_Buttons_Rus.cpp">
      <Filter>Source Files</Filter>
    </ClCompile>
    <ClCompile Include="Various_Symbols_16x32.c">
      <Filter>Source Files</Filter>
    </ClCompile>
    <ClCompile Include="Various_Symbols_32x32.c">
      <Filter>Source Files</Filter>
    </ClCompile>
  </ItemGroup>
</Project>